
Microsoft Visual Studio Solution File, Format Version 12.00
# Visual Studio Version 17
VisualStudioVersion = 17.9.34723.18
MinimumVisualStudioVersion = 10.0.40219.1
Project("{FAE04EC0-301F-11D3-BF4B-00C04F79EFBC}") = "SalaDeReuniao", "SalaDeReuniao\SalaDeReuniao.csproj", "{D8A8E1E3-93EA-4706-8CBE-1969CFE72FD9}"
EndProject
Global
	GlobalSection(SolutionConfigurationPlatforms) = preSolution
		Debug|Any CPU = Debug|Any CPU
		Release|Any CPU = Release|Any CPU
	EndGlobalSection
	GlobalSection(ProjectConfigurationPlatforms) = postSolution
		{D8A8E1E3-93EA-4706-8CBE-1969CFE72FD9}.Debug|Any CPU.ActiveCfg = Debug|Any CPU
		{D8A8E1E3-93EA-4706-8CBE-1969CFE72FD9}.Debug|Any CPU.Build.0 = Debug|Any CPU
		{D8A8E1E3-93EA-4706-8CBE-1969CFE72FD9}.Release|Any CPU.ActiveCfg = Release|Any CPU
		{D8A8E1E3-93EA-4706-8CBE-1969CFE72FD9}.Release|Any CPU.Build.0 = Release|Any CPU
	EndGlobalSection
	GlobalSection(SolutionProperties) = preSolution
		HideSolutionNode = FALSE
	EndGlobalSection
	GlobalSection(ExtensibilityGlobals) = postSolution
		SolutionGuid = {0961DDE8-92D9-49C9-98F2-31BE69FA7106}
	EndGlobalSection
EndGlobal
